
Microsoft Visual Studio Solution File, Format Version 12.00
# Visual Studio Version 17
VisualStudioVersion = 17.5.002.0
MinimumVisualStudioVersion = 10.0.40219.1
Project("{9A19103F-16F7-4668-BE54-9A1E7A4F7556}") = "Csharp-projeto-musical", "Csharp-projeto-musical.csproj", "{C85707B5-AC6F-4F37-86AD-F37D35A02767}"
EndProject
Global
	GlobalSection(SolutionConfigurationPlatforms) = preSolution
		Debug|Any CPU = Debug|Any CPU
		Release|Any CPU = Release|Any CPU
	EndGlobalSection
	GlobalSection(ProjectConfigurationPlatforms) = postSolution
		{C85707B5-AC6F-4F37-86AD-F37D35A02767}.Debug|Any CPU.ActiveCfg = Debug|Any CPU
		{C85707B5-AC6F-4F37-86AD-F37D35A02767}.Debug|Any CPU.Build.0 = Debug|Any CPU
		{C85707B5-AC6F-4F37-86AD-F37D35A02767}.Release|Any CPU.ActiveCfg = Release|Any CPU
		{C85707B5-AC6F-4F37-86AD-F37D35A02767}.Release|Any CPU.Build.0 = Release|Any CPU
	EndGlobalSection
	GlobalSection(SolutionProperties) = preSolution
		HideSolutionNode = FALSE
	EndGlobalSection
	GlobalSection(ExtensibilityGlobals) = postSolution
		SolutionGuid = {9204D9C6-BF8E-4B93-887F-29F0B3874809}
	EndGlobalSection
EndGlobal
